
Microsoft Visual Studio Solution File, Format Version 12.00
# Visual Studio Version 17
VisualStudioVersion = 17.1.32210.238
MinimumVisualStudioVersion = 10.0.40219.1
Project("{FAE04EC0-301F-11D3-BF4B-00C04F79EFBC}") = "Inicio", "Inicio\Inicio.csproj", "{94C9C6CE-E99B-41E4-8A36-F051EE9BDBA6}"
EndProject
Global
	GlobalSection(SolutionConfigurationPlatforms) = preSolution
		Debug|Any CPU = Debug|Any CPU
		Release|Any CPU = Release|Any CPU
	EndGlobalSection
	GlobalSection(ProjectConfigurationPlatforms) = postSolution
		{94C9C6CE-E99B-41E4-8A36-F051EE9BDBA6}.Debug|Any CPU.ActiveCfg = Debug|Any CPU
		{94C9C6CE-E99B-41E4-8A36-F051EE9BDBA6}.Debug|Any CPU.Build.0 = Debug|Any CPU
		{94C9C6CE-E99B-41E4-8A36-F051EE9BDBA6}.Release|Any CPU.ActiveCfg = Release|Any CPU
		{94C9C6CE-E99B-41E4-8A36-F051EE9BDBA6}.Release|Any CPU.Build.0 = Release|Any CPU
	EndGlobalSection
	GlobalSection(SolutionProperties) = preSolution
		HideSolutionNode = FALSE
	EndGlobalSection
	GlobalSection(ExtensibilityGlobals) = postSolution
		SolutionGuid = {EABA6D63-A22B-4CAD-A323-5C84981F5E1C}
	EndGlobalSection
EndGlobal
